
Microsoft Visual Studio Solution File, Format Version 12.00
# Visual Studio Version 17
VisualStudioVersion = 17.0.31903.59
MinimumVisualStudioVersion = 10.0.40219.1
Project("{2150E333-8FDC-42A3-9474-1A3956D46DE8}") = "src", "src", "{C1B92C3B-FE8F-48BB-9AEB-1550A5E0EA37}"
EndProject
Project("{FAE04EC0-301F-11D3-BF4B-00C04F79EFBC}") = "Ilmhub.WebSpeechApi.Blazor", "src\Ilmhub.WebSpeechApi.Blazor\Ilmhub.WebSpeechApi.Blazor.csproj", "{8F923424-B948-4F19-9892-8ABD32A089A2}"
EndProject
Project("{2150E333-8FDC-42A3-9474-1A3956D46DE8}") = "samples", "samples", "{FC28BEF5-F07F-41F4-813F-62E489AED779}"
EndProject
Project("{FAE04EC0-301F-11D3-BF4B-00C04F79EFBC}") = "SpeechApiSample", "samples\SpeechApiSample\SpeechApiSample.csproj", "{68E41914-3CB3-4571-B886-DBBFD3F4C4B3}"
EndProject
Global
	GlobalSection(SolutionConfigurationPlatforms) = preSolution
		Debug|Any CPU = Debug|Any CPU
		Release|Any CPU = Release|Any CPU
	EndGlobalSection
	GlobalSection(SolutionProperties) = preSolution
		HideSolutionNode = FALSE
	EndGlobalSection
	GlobalSection(ProjectConfigurationPlatforms) = postSolution
		{8F923424-B948-4F19-9892-8ABD32A089A2}.Debug|Any CPU.ActiveCfg = Debug|Any CPU
		{8F923424-B948-4F19-9892-8ABD32A089A2}.Debug|Any CPU.Build.0 = Debug|Any CPU
		{8F923424-B948-4F19-9892-8ABD32A089A2}.Release|Any CPU.ActiveCfg = Release|Any CPU
		{8F923424-B948-4F19-9892-8ABD32A089A2}.Release|Any CPU.Build.0 = Release|Any CPU
		{68E41914-3CB3-4571-B886-DBBFD3F4C4B3}.Debug|Any CPU.ActiveCfg = Debug|Any CPU
		{68E41914-3CB3-4571-B886-DBBFD3F4C4B3}.Debug|Any CPU.Build.0 = Debug|Any CPU
		{68E41914-3CB3-4571-B886-DBBFD3F4C4B3}.Release|Any CPU.ActiveCfg = Release|Any CPU
		{68E41914-3CB3-4571-B886-DBBFD3F4C4B3}.Release|Any CPU.Build.0 = Release|Any CPU
	EndGlobalSection
	GlobalSection(NestedProjects) = preSolution
		{8F923424-B948-4F19-9892-8ABD32A089A2} = {C1B92C3B-FE8F-48BB-9AEB-1550A5E0EA37}
		{68E41914-3CB3-4571-B886-DBBFD3F4C4B3} = {FC28BEF5-F07F-41F4-813F-62E489AED779}
	EndGlobalSection
EndGlobal
